
Microsoft Visual Studio Solution File, Format Version 12.00
# Visual Studio Version 17
VisualStudioVersion = 17.10.34607.79
MinimumVisualStudioVersion = 10.0.40219.1
Project("{FAE04EC0-301F-11D3-BF4B-00C04F79EFBC}") = "ExcelDemo2", "ExcelDemo2\ExcelDemo2.csproj", "{78B1E5B6-27E4-4094-A603-90210E50AC62}"
EndProject
Global
	GlobalSection(SolutionConfigurationPlatforms) = preSolution
		Debug|Any CPU = Debug|Any CPU
		Release|Any CPU = Release|Any CPU
	EndGlobalSection
	GlobalSection(ProjectConfigurationPlatforms) = postSolution
		{78B1E5B6-27E4-4094-A603-90210E50AC62}.Debug|Any CPU.ActiveCfg = Debug|Any CPU
		{78B1E5B6-27E4-4094-A603-90210E50AC62}.Debug|Any CPU.Build.0 = Debug|Any CPU
		{78B1E5B6-27E4-4094-A603-90210E50AC62}.Release|Any CPU.ActiveCfg = Release|Any CPU
		{78B1E5B6-27E4-4094-A603-90210E50AC62}.Release|Any CPU.Build.0 = Release|Any CPU
	EndGlobalSection
	GlobalSection(SolutionProperties) = preSolution
		HideSolutionNode = FALSE
	EndGlobalSection
	GlobalSection(ExtensibilityGlobals) = postSolution
		SolutionGuid = {8E1F7E6D-5CC8-46A9-B375-FF59E2C198C5}
	EndGlobalSection
EndGlobal
